
Microsoft Visual Studio Solution File, Format Version 12.00
# Visual Studio Version 17
VisualStudioVersion = 17.10.35013.160
MinimumVisualStudioVersion = 10.0.40219.1
Project("{FAE04EC0-301F-11D3-BF4B-00C04F79EFBC}") = "cqrs-and-mediatr", "cqrs-and-mediatr.csproj", "{E98ECA3F-584B-4F38-BD24-941E6D66AE6A}"
EndProject
Global
	GlobalSection(SolutionConfigurationPlatforms) = preSolution
		Debug|Any CPU = Debug|Any CPU
		Release|Any CPU = Release|Any CPU
	EndGlobalSection
	GlobalSection(ProjectConfigurationPlatforms) = postSolution
		{E98ECA3F-584B-4F38-BD24-941E6D66AE6A}.Debug|Any CPU.ActiveCfg = Debug|Any CPU
		{E98ECA3F-584B-4F38-BD24-941E6D66AE6A}.Debug|Any CPU.Build.0 = Debug|Any CPU
		{E98ECA3F-584B-4F38-BD24-941E6D66AE6A}.Release|Any CPU.ActiveCfg = Release|Any CPU
		{E98ECA3F-584B-4F38-BD24-941E6D66AE6A}.Release|Any CPU.Build.0 = Release|Any CPU
	EndGlobalSection
	GlobalSection(SolutionProperties) = preSolution
		HideSolutionNode = FALSE
	EndGlobalSection
	GlobalSection(ExtensibilityGlobals) = postSolution
		SolutionGuid = {EC39EB0A-F8E3-4DA3-A462-B8296AB7DF67}
	EndGlobalSection
EndGlobal
